// !$*UTF8*$!
{
	archiveVersion = 1;
	classes = {
	};
	objectVersion = 50;
	objects = {

/* Begin PBXBuildFile section */
		08301AD422155AD9009626A7 /* R.generated.swift in Sources */ = {isa = PBXBuildFile; fileRef = 08301AD322155AD9009626A7 /* R.generated.swift */; };
		08301AD622155C72009626A7 /* File.strings in Resources */ = {isa = PBXBuildFile; fileRef = 08301AD522155C72009626A7 /* File.strings */; };
		08FE244121F9A4CF005F9028 /* AppDelegate.swift in Sources */ = {isa = PBXBuildFile; fileRef = 08FE244021F9A4CF005F9028 /* AppDelegate.swift */; };
		08FE244321F9A4CF005F9028 /* ViewController.swift in Sources */ = {isa = PBXBuildFile; fileRef = 08FE244221F9A4CF005F9028 /* ViewController.swift */; };
		08FE244621F9A4CF005F9028 /* Main.storyboard in Resources */ = {isa = PBXBuildFile; fileRef = 08FE244421F9A4CF005F9028 /* Main.storyboard */; };
		08FE244821F9A4D1005F9028 /* Assets.xcassets in Resources */ = {isa = PBXBuildFile; fileRef = 08FE244721F9A4D1005F9028 /* Assets.xcassets */; };
		08FE244B21F9A4D1005F9028 /* LaunchScreen.storyboard in Resources */ = {isa = PBXBuildFile; fileRef = 08FE244921F9A4D1005F9028 /* LaunchScreen.storyboard */; };
		08FE245421F9A89F005F9028 /* Colors.xcassets in Resources */ = {isa = PBXBuildFile; fileRef = 08FE245321F9A89F005F9028 /* Colors.xcassets */; };
		08FE245721F9AAEB005F9028 /* ColorPickerViewController.swift in Sources */ = {isa = PBXBuildFile; fileRef = 08FE245621F9AAEB005F9028 /* ColorPickerViewController.swift */; };
		D9B67FADB9F5634B03752E80 /* Pods_ColorPicker.framework in Frameworks */ = {isa = PBXBuildFile; fileRef = B59CB983DE5EA404D530EDC7 /* Pods_ColorPicker.framework */; };
/* End PBXBuildFile section */

/* Begin PBXFileReference section */
		08301AD322155AD9009626A7 /* R.generated.swift */ = {isa = PBXFileReference; fileEncoding = 4; lastKnownFileType = sourcecode.swift; path = R.generated.swift; sourceTree = SOURCE_ROOT; };
		08301AD522155C72009626A7 /* File.strings */ = {isa = PBXFileReference; lastKnownFileType = text.plist.strings; path = File.strings; sourceTree = "<group>"; };
		08FE243D21F9A4CF005F9028 /* ColorPicker.app */ = {isa = PBXFileReference; explicitFileType = wrapper.application; includeInIndex = 0; path = ColorPicker.app; sourceTree = BUILT_PRODUCTS_DIR; };
		08FE244021F9A4CF005F9028 /* AppDelegate.swift */ = {isa = PBXFileReference; lastKnownFileType = sourcecode.swift; path = AppDelegate.swift; sourceTree = "<group>"; };
		08FE244221F9A4CF005F9028 /* ViewController.swift */ = {isa = PBXFileReference; lastKnownFileType = sourcecode.swift; path = ViewController.swift; sourceTree = "<group>"; };
		08FE244521F9A4CF005F9028 /* Base */ = {isa = PBXFileReference; lastKnownFileType = file.storyboard; name = Base; path = Base.lproj/Main.storyboard; sourceTree = "<group>"; };
		08FE244721F9A4D1005F9028 /* Assets.xcassets */ = {isa = PBXFileReference; lastKnownFileType = folder.assetcatalog; path = Assets.xcassets; sourceTree = "<group>"; };
		08FE244A21F9A4D1005F9028 /* Base */ = {isa = PBXFileReference; lastKnownFileType = file.storyboard; name = Base; path = Base.lproj/LaunchScreen.storyboard; sourceTree = "<group>"; };
		08FE244C21F9A4D1005F9028 /* Info.plist */ = {isa = PBXFileReference; lastKnownFileType = text.plist.xml; path = Info.plist; sourceTree = "<group>"; };
		08FE245321F9A89F005F9028 /* Colors.xcassets */ = {isa = PBXFileReference; lastKnownFileType = folder.assetcatalog; path = Colors.xcassets; sourceTree = "<group>"; };
		08FE245621F9AAEB005F9028 /* ColorPickerViewController.swift */ = {isa = PBXFileReference; lastKnownFileType = sourcecode.swift; path = ColorPickerViewController.swift; sourceTree = "<group>"; };
		1337EA6A8188FD1637BF65B6 /* Pods-ColorPicker.release.xcconfig */ = {isa = PBXFileReference; includeInIndex = 1; lastKnownFileType = text.xcconfig; name = "Pods-ColorPicker.release.xcconfig"; path = "Pods/Target Support Files/Pods-ColorPicker/Pods-ColorPicker.release.xcconfig"; sourceTree = "<group>"; };
		B59CB983DE5EA404D530EDC7 /* Pods_ColorPicker.framework */ = {isa = PBXFileReference; explicitFileType = wrapper.framework; includeInIndex = 0; path = Pods_ColorPicker.framework; sourceTree = BUILT_PRODUCTS_DIR; };
		BF80F4A2F71C1CB514A167BB /* Pods-ColorPicker.debug.xcconfig */ = {isa = PBXFileReference; includeInIndex = 1; lastKnownFileType = text.xcconfig; name = "Pods-ColorPicker.debug.xcconfig"; path = "Pods/Target Support Files/Pods-ColorPicker/Pods-ColorPicker.debug.xcconfig"; sourceTree = "<group>"; };
/* End PBXFileReference section */

/* Begin PBXFrameworksBuildPhase section */
		08FE243A21F9A4CF005F9028 /* Frameworks */ = {
			isa = PBXFrameworksBuildPhase;
			buildActionMask = 2147483647;
			files = (
				D9B67FADB9F5634B03752E80 /* Pods_ColorPicker.framework in Frameworks */,
			);
			runOnlyForDeploymentPostprocessing = 0;
		};
/* End PBXFrameworksBuildPhase section */

/* Begin PBXGroup section */
		08FE243421F9A4CF005F9028 = {
			isa = PBXGroup;
			children = (
				08FE243F21F9A4CF005F9028 /* ColorPicker */,
				08FE243E21F9A4CF005F9028 /* Products */,
				ECC8CC44CFE110E32A90E110 /* Pods */,
				9A9A7BE5275E43ED0FA6875D /* Frameworks */,
			);
			sourceTree = "<group>";
		};
		08FE243E21F9A4CF005F9028 /* Products */ = {
			isa = PBXGroup;
			children = (
				08FE243D21F9A4CF005F9028 /* ColorPicker.app */,
			);
			name = Products;
			sourceTree = "<group>";
		};
		08FE243F21F9A4CF005F9028 /* ColorPicker */ = {
			isa = PBXGroup;
			children = (
				08FE245821F9B69A005F9028 /* asset */,
				08FE245521F9AAC5005F9028 /* viewcontroller */,
				08FE244021F9A4CF005F9028 /* AppDelegate.swift */,
				08FE244421F9A4CF005F9028 /* Main.storyboard */,
				08FE244921F9A4D1005F9028 /* LaunchScreen.storyboard */,
				08301AD322155AD9009626A7 /* R.generated.swift */,
				08FE244C21F9A4D1005F9028 /* Info.plist */,
			);
			path = ColorPicker;
			sourceTree = "<group>";
		};
		08FE245521F9AAC5005F9028 /* viewcontroller */ = {
			isa = PBXGroup;
			children = (
				08FE244221F9A4CF005F9028 /* ViewController.swift */,
				08FE245621F9AAEB005F9028 /* ColorPickerViewController.swift */,
			);
			path = viewcontroller;
			sourceTree = "<group>";
		};
		08FE245821F9B69A005F9028 /* asset */ = {
			isa = PBXGroup;
			children = (
				08FE245321F9A89F005F9028 /* Colors.xcassets */,
				08FE244721F9A4D1005F9028 /* Assets.xcassets */,
				08301AD522155C72009626A7 /* File.strings */,
			);
			path = asset;
			sourceTree = "<group>";
		};
		9A9A7BE5275E43ED0FA6875D /* Frameworks */ = {
			isa = PBXGroup;
			children = (
				B59CB983DE5EA404D530EDC7 /* Pods_ColorPicker.framework */,
			);
			name = Frameworks;
			sourceTree = "<group>";
		};
		ECC8CC44CFE110E32A90E110 /* Pods */ = {
			isa = PBXGroup;
			children = (
				BF80F4A2F71C1CB514A167BB /* Pods-ColorPicker.debug.xcconfig */,
				1337EA6A8188FD1637BF65B6 /* Pods-ColorPicker.release.xcconfig */,
			);
			name = Pods;
			sourceTree = "<group>";
		};
/* End PBXGroup section */

/* Begin PBXNativeTarget section */
		08FE243C21F9A4CF005F9028 /* ColorPicker */ = {
			isa = PBXNativeTarget;
			buildConfigurationList = 08FE244F21F9A4D1005F9028 /* Build configuration list for PBXNativeTarget "ColorPicker" */;
			buildPhases = (
				60E7E1AE1228363745D05313 /* [CP] Check Pods Manifest.lock */,
				08301AD222155A75009626A7 /* ShellScript */,
				08FE243921F9A4CF005F9028 /* Sources */,
				08FE243A21F9A4CF005F9028 /* Frameworks */,
				08FE243B21F9A4CF005F9028 /* Resources */,
				7AA8EBCD63ECC76AA2D9A43B /* [CP] Embed Pods Frameworks */,
			);
			buildRules = (
			);
			dependencies = (
			);
			name = ColorPicker;
			productName = ColorPicker;
			productReference = 08FE243D21F9A4CF005F9028 /* ColorPicker.app */;
			productType = "com.apple.product-type.application";
		};
/* End PBXNativeTarget section */

/* Begin PBXProject section */
		08FE243521F9A4CF005F9028 /* Project object */ = {
			isa = PBXProject;
			attributes = {
				LastSwiftUpdateCheck = 1010;
				LastUpgradeCheck = 1010;
				ORGANIZATIONNAME = lpiem;
				TargetAttributes = {
					08FE243C21F9A4CF005F9028 = {
						CreatedOnToolsVersion = 10.1;
					};
				};
			};
			buildConfigurationList = 08FE243821F9A4CF005F9028 /* Build configuration list for PBXProject "ColorPicker" */;
			compatibilityVersion = "Xcode 9.3";
			developmentRegion = en;
			hasScannedForEncodings = 0;
			knownRegions = (
				en,
				Base,
			);
			mainGroup = 08FE243421F9A4CF005F9028;
			productRefGroup = 08FE243E21F9A4CF005F9028 /* Products */;
			projectDirPath = "";
			projectRoot = "";
			targets = (
				08FE243C21F9A4CF005F9028 /* ColorPicker */,
			);
		};
/* End PBXProject section */

/* Begin PBXResourcesBuildPhase section */
		08FE243B21F9A4CF005F9028 /* Resources */ = {
			isa = PBXResourcesBuildPhase;
			buildActionMask = 2147483647;
			files = (
				08FE244B21F9A4D1005F9028 /* LaunchScreen.storyboard in Resources */,
				08FE245421F9A89F005F9028 /* Colors.xcassets in Resources */,
				08FE244821F9A4D1005F9028 /* Assets.xcassets in Resources */,
				08FE244621F9A4CF005F9028 /* Main.storyboard in Resources */,
				08301AD622155C72009626A7 /* File.strings in Resources */,
			);
			runOnlyForDeploymentPostprocessing = 0;
		};
/* End PBXResourcesBuildPhase section */

/* Begin PBXShellScriptBuildPhase section */
		08301AD222155A75009626A7 /* ShellScript */ = {
			isa = PBXShellScriptBuildPhase;
			buildActionMask = 2147483647;
			files = (
			);
			inputFileListPaths = (
			);
			inputPaths = (
				"$TEMP_DIR/rswift-lastrun",
			);
			outputFileListPaths = (
			);
			outputPaths = (
				$SRCROOT/R.generated.swift,
			);
			runOnlyForDeploymentPostprocessing = 0;
			shellPath = /bin/sh;
			shellScript = "\"$PODS_ROOT/R.swift/rswift\" generate \"$SRCROOT/R.generated.swift\"\n";
		};
		60E7E1AE1228363745D05313 /* [CP] Check Pods Manifest.lock */ = {
			isa = PBXShellScriptBuildPhase;
			buildActionMask = 2147483647;
			files = (
			);
			inputPaths = (
				"${PODS_PODFILE_DIR_PATH}/Podfile.lock",
				"${PODS_ROOT}/Manifest.lock",
			);
			name = "[CP] Check Pods Manifest.lock";
			outputPaths = (
				"$(DERIVED_FILE_DIR)/Pods-ColorPicker-checkManifestLockResult.txt",
			);
			runOnlyForDeploymentPostprocessing = 0;
			shellPath = /bin/sh;
			shellScript = "diff \"${PODS_PODFILE_DIR_PATH}/Podfile.lock\" \"${PODS_ROOT}/Manifest.lock\" > /dev/null\nif [ $? != 0 ] ; then\n    # print error to STDERR\n    echo \"error: The sandbox is not in sync with the Podfile.lock. Run 'pod install' or update your CocoaPods installation.\" >&2\n    exit 1\nfi\n# This output is used by Xcode 'outputs' to avoid re-running this script phase.\necho \"SUCCESS\" > \"${SCRIPT_OUTPUT_FILE_0}\"\n";
			showEnvVarsInLog = 0;
		};
		7AA8EBCD63ECC76AA2D9A43B /* [CP] Embed Pods Frameworks */ = {
			isa = PBXShellScriptBuildPhase;
			buildActionMask = 2147483647;
			files = (
			);
			inputPaths = (
				"${SRCROOT}/Pods/Target Support Files/Pods-ColorPicker/Pods-ColorPicker-frameworks.sh",
				"${BUILT_PRODUCTS_DIR}/R.swift.Library/Rswift.framework",
			);
			name = "[CP] Embed Pods Frameworks";
			outputPaths = (
				"${TARGET_BUILD_DIR}/${FRAMEWORKS_FOLDER_PATH}/Rswift.framework",
			);
			runOnlyForDeploymentPostprocessing = 0;
			shellPath = /bin/sh;
			shellScript = "\"${SRCROOT}/Pods/Target Support Files/Pods-ColorPicker/Pods-ColorPicker-frameworks.sh\"\n";
			showEnvVarsInLog = 0;
		};
/* End PBXShellScriptBuildPhase section */

/* Begin PBXSourcesBuildPhase section */
		08FE243921F9A4CF005F9028 /* Sources */ = {
			isa = PBXSourcesBuildPhase;
			buildActionMask = 2147483647;
			files = (
				08FE245721F9AAEB005F9028 /* ColorPickerViewController.swift in Sources */,
				08FE244321F9A4CF005F9028 /* ViewController.swift in Sources */,
				08301AD422155AD9009626A7 /* R.generated.swift in Sources */,
				08FE244121F9A4CF005F9028 /* AppDelegate.swift in Sources */,
			);
			runOnlyForDeploymentPostprocessing = 0;
		};
/* End PBXSourcesBuildPhase section */

/* Begin PBXVariantGroup section */
		08FE244421F9A4CF005F9028 /* Main.storyboard */ = {
			isa = PBXVariantGroup;
			children = (
				08FE244521F9A4CF005F9028 /* Base */,
			);
			name = Main.storyboard;
			sourceTree = "<group>";
		};
		08FE244921F9A4D1005F9028 /* LaunchScreen.storyboard */ = {
			isa = PBXVariantGroup;
			children = (
				08FE244A21F9A4D1005F9028 /* Base */,
			);
			name = LaunchScreen.storyboard;
			sourceTree = "<group>";
		};
/* End PBXVariantGroup section */

/* Begin XCBuildConfiguration section */
		08FE244D21F9A4D1005F9028 /* Debug */ = {
			isa = XCBuildConfiguration;
			buildSettings = {
				ALWAYS_SEARCH_USER_PATHS = NO;
				CLANG_ANALYZER_NONNULL = YES;
				CLANG_ANALYZER_NUMBER_OBJECT_CONVERSION = YES_AGGRESSIVE;
				CLANG_CXX_LANGUAGE_STANDARD = "gnu++14";
				CLANG_CXX_LIBRARY = "libc++";
				CLANG_ENABLE_MODULES = YES;
				CLANG_ENABLE_OBJC_ARC = YES;
				CLANG_ENABLE_OBJC_WEAK = YES;
				CLANG_WARN_BLOCK_CAPTURE_AUTORELEASING = YES;
				CLANG_WARN_BOOL_CONVERSION = YES;
				CLANG_WARN_COMMA = YES;
				CLANG_WARN_CONSTANT_CONVERSION = YES;
				CLANG_WARN_DEPRECATED_OBJC_IMPLEMENTATIONS = YES;
				CLANG_WARN_DIRECT_OBJC_ISA_USAGE = YES_ERROR;
				CLANG_WARN_DOCUMENTATION_COMMENTS = YES;
				CLANG_WARN_EMPTY_BODY = YES;
				CLANG_WARN_ENUM_CONVERSION = YES;
				CLANG_WARN_INFINITE_RECURSION = YES;
				CLANG_WARN_INT_CONVERSION = YES;
				CLANG_WARN_NON_LITERAL_NULL_CONVERSION = YES;
				CLANG_WARN_OBJC_IMPLICIT_RETAIN_SELF = YES;
				CLANG_WARN_OBJC_LITERAL_CONVERSION = YES;
				CLANG_WARN_OBJC_ROOT_CLASS = YES_ERROR;
				CLANG_WARN_RANGE_LOOP_ANALYSIS = YES;
				CLANG_WARN_STRICT_PROTOTYPES = YES;
				CLANG_WARN_SUSPICIOUS_MOVE = YES;
				CLANG_WARN_UNGUARDED_AVAILABILITY = YES_AGGRESSIVE;
				CLANG_WARN_UNREACHABLE_CODE = YES;
				CLANG_WARN__DUPLICATE_METHOD_MATCH = YES;
				CODE_SIGN_IDENTITY = "iPhone Developer";
				COPY_PHASE_STRIP = NO;
				DEBUG_INFORMATION_FORMAT = dwarf;
				ENABLE_STRICT_OBJC_MSGSEND = YES;
				ENABLE_TESTABILITY = YES;
				GCC_C_LANGUAGE_STANDARD = gnu11;
				GCC_DYNAMIC_NO_PIC = NO;
				GCC_NO_COMMON_BLOCKS = YES;
				GCC_OPTIMIZATION_LEVEL = 0;
				GCC_PREPROCESSOR_DEFINITIONS = (
					"DEBUG=1",
					"$(inherited)",
				);
				GCC_WARN_64_TO_32_BIT_CONVERSION = YES;
				GCC_WARN_ABOUT_RETURN_TYPE = YES_ERROR;
				GCC_WARN_UNDECLARED_SELECTOR = YES;
				GCC_WARN_UNINITIALIZED_AUTOS = YES_AGGRESSIVE;
				GCC_WARN_UNUSED_FUNCTION = YES;
				GCC_WARN_UNUSED_VARIABLE = YES;
				IPHONEOS_DEPLOYMENT_TARGET = 12.1;
				MTL_ENABLE_DEBUG_INFO = INCLUDE_SOURCE;
				MTL_FAST_MATH = YES;
				ONLY_ACTIVE_ARCH = YES;
				SDKROOT = iphoneos;
				SWIFT_ACTIVE_COMPILATION_CONDITIONS = DEBUG;
				SWIFT_OPTIMIZATION_LEVEL = "-Onone";
			};
			name = Debug;
		};
		08FE244E21F9A4D1005F9028 /* Release */ = {
			isa = XCBuildConfiguration;
			buildSettings = {
				ALWAYS_SEARCH_USER_PATHS = NO;
				CLANG_ANALYZER_NONNULL = YES;
				CLANG_ANALYZER_NUMBER_OBJECT_CONVERSION = YES_AGGRESSIVE;
				CLANG_CXX_LANGUAGE_STANDARD = "gnu++14";
				CLANG_CXX_LIBRARY = "libc++";
				CLANG_ENABLE_MODULES = YES;
				CLANG_ENABLE_OBJC_ARC = YES;
				CLANG_ENABLE_OBJC_WEAK = YES;
				CLANG_WARN_BLOCK_CAPTURE_AUTORELEASING = YES;
				CLANG_WARN_BOOL_CONVERSION = YES;
				CLANG_WARN_COMMA = YES;
				CLANG_WARN_CONSTANT_CONVERSION = YES;
				CLANG_WARN_DEPRECATED_OBJC_IMPLEMENTATIONS = YES;
				CLANG_WARN_DIRECT_OBJC_ISA_USAGE = YES_ERROR;
				CLANG_WARN_DOCUMENTATION_COMMENTS = YES;
				CLANG_WARN_EMPTY_BODY = YES;
				CLANG_WARN_ENUM_CONVERSION = YES;
				CLANG_WARN_INFINITE_RECURSION = YES;
				CLANG_WARN_INT_CONVERSION = YES;
				CLANG_WARN_NON_LITERAL_NULL_CONVERSION = YES;
				CLANG_WARN_OBJC_IMPLICIT_RETAIN_SELF = YES;
				CLANG_WARN_OBJC_LITERAL_CONVERSION = YES;
				CLANG_WARN_OBJC_ROOT_CLASS = YES_ERROR;
				CLANG_WARN_RANGE_LOOP_ANALYSIS = YES;
				CLANG_WARN_STRICT_PROTOTYPES = YES;
				CLANG_WARN_SUSPICIOUS_MOVE = YES;
				CLANG_WARN_UNGUARDED_AVAILABILITY = YES_AGGRESSIVE;
				CLANG_WARN_UNREACHABLE_CODE = YES;
				CLANG_WARN__DUPLICATE_METHOD_MATCH = YES;
				CODE_SIGN_IDENTITY = "iPhone Developer";
				COPY_PHASE_STRIP = NO;
				DEBUG_INFORMATION_FORMAT = "dwarf-with-dsym";
				ENABLE_NS_ASSERTIONS = NO;
				ENABLE_STRICT_OBJC_MSGSEND = YES;
				GCC_C_LANGUAGE_STANDARD = gnu11;
				GCC_NO_COMMON_BLOCKS = YES;
				GCC_WARN_64_TO_32_BIT_CONVERSION = YES;
				GCC_WARN_ABOUT_RETURN_TYPE = YES_ERROR;
				GCC_WARN_UNDECLARED_SELECTOR = YES;
				GCC_WARN_UNINITIALIZED_AUTOS = YES_AGGRESSIVE;
				GCC_WARN_UNUSED_FUNCTION = YES;
				GCC_WARN_UNUSED_VARIABLE = YES;
				IPHONEOS_DEPLOYMENT_TARGET = 12.1;
				MTL_ENABLE_DEBUG_INFO = NO;
				MTL_FAST_MATH = YES;
				SDKROOT = iphoneos;
				SWIFT_COMPILATION_MODE = wholemodule;
				SWIFT_OPTIMIZATION_LEVEL = "-O";
				VALIDATE_PRODUCT = YES;
			};
			name = Release;
		};
		08FE245021F9A4D1005F9028 /* Debug */ = {
			isa = XCBuildConfiguration;
			baseConfigurationReference = BF80F4A2F71C1CB514A167BB /* Pods-ColorPicker.debug.xcconfig */;
			buildSettings = {
				ASSETCATALOG_COMPILER_APPICON_NAME = AppIcon;
				CODE_SIGN_STYLE = Manual;
				DEVELOPMENT_TEAM = "";
				INFOPLIST_FILE = ColorPicker/Info.plist;
				LD_RUNPATH_SEARCH_PATHS = (
					"$(inherited)",
					"@executable_path/Frameworks",
				);
				PRODUCT_BUNDLE_IDENTIFIER = fr.lp.iem.ColorPicker;
				PRODUCT_NAME = "$(TARGET_NAME)";
				PROVISIONING_PROFILE_SPECIFIER = "";
				SWIFT_VERSION = 4.2;
				TARGETED_DEVICE_FAMILY = "1,2";
			};
			name = Debug;
		};
		08FE245121F9A4D1005F9028 /* Release */ = {
			isa = XCBuildConfiguration;
			baseConfigurationReference = 1337EA6A8188FD1637BF65B6 /* Pods-ColorPicker.release.xcconfig */;
			buildSettings = {
				ASSETCATALOG_COMPILER_APPICON_NAME = AppIcon;
				CODE_SIGN_STYLE = Manual;
				DEVELOPMENT_TEAM = "";
				INFOPLIST_FILE = ColorPicker/Info.plist;
				LD_RUNPATH_SEARCH_PATHS = (
					"$(inherited)",
					"@executable_path/Frameworks",
				);
				PRODUCT_BUNDLE_IDENTIFIER = fr.lp.iem.ColorPicker;
				PRODUCT_NAME = "$(TARGET_NAME)";
				PROVISIONING_PROFILE_SPECIFIER = "";
				SWIFT_VERSION = 4.2;
				TARGETED_DEVICE_FAMILY = "1,2";
			};
			name = Release;
		};
/* End XCBuildConfiguration section */

/* Begin XCConfigurationList section */
		08FE243821F9A4CF005F9028 /* Build configuration list for PBXProject "ColorPicker" */ = {
			isa = XCConfigurationList;
			buildConfigurations = (
				08FE244D21F9A4D1005F9028 /* Debug */,
				08FE244E21F9A4D1005F9028 /* Release */,
			);
			defaultConfigurationIsVisible = 0;
			defaultConfigurationName = Release;
		};
		08FE244F21F9A4D1005F9028 /* Build configuration list for PBXNativeTarget "ColorPicker" */ = {
			isa = XCConfigurationList;
			buildConfigurations = (
				08FE245021F9A4D1005F9028 /* Debug */,
				08FE245121F9A4D1005F9028 /* Release */,
			);
			defaultConfigurationIsVisible = 0;
			defaultConfigurationName = Release;
		};
/* End XCConfigurationList section */
	};
	rootObject = 08FE243521F9A4CF005F9028 /* Project object */;
}
